
Microsoft Visual Studio Solution File, Format Version 12.00
# Visual Studio Version 16
VisualStudioVersion = 16.0.31624.102
MinimumVisualStudioVersion = 10.0.40219.1
Project("{8BC9CEB8-8B4A-11D0-8D11-00A0C91BC942}") = "Realization of the class Vector3D", "Realization of the class Vector3D\Realization of the class Vector3D.vcxproj", "{53053FE9-2B86-4F88-A997-B90E26D496EA}"
EndProject
Global
	GlobalSection(SolutionConfigurationPlatforms) = preSolution
		Debug|x64 = Debug|x64
		Debug|x86 = Debug|x86
		Release|x64 = Release|x64
		Release|x86 = Release|x86
	EndGlobalSection
	GlobalSection(ProjectConfigurationPlatforms) = postSolution
		{53053FE9-2B86-4F88-A997-B90E26D496EA}.Debug|x64.ActiveCfg = Debug|x64
		{53053FE9-2B86-4F88-A997-B90E26D496EA}.Debug|x64.Build.0 = Debug|x64
		{53053FE9-2B86-4F88-A997-B90E26D496EA}.Debug|x86.ActiveCfg = Debug|Win32
		{53053FE9-2B86-4F88-A997-B90E26D496EA}.Debug|x86.Build.0 = Debug|Win32
		{53053FE9-2B86-4F88-A997-B90E26D496EA}.Release|x64.ActiveCfg = Release|x64
		{53053FE9-2B86-4F88-A997-B90E26D496EA}.Release|x64.Build.0 = Release|x64
		{53053FE9-2B86-4F88-A997-B90E26D496EA}.Release|x86.ActiveCfg = Release|Win32
		{53053FE9-2B86-4F88-A997-B90E26D496EA}.Release|x86.Build.0 = Release|Win32
	EndGlobalSection
	GlobalSection(SolutionProperties) = preSolution
		HideSolutionNode = FALSE
	EndGlobalSection
	GlobalSection(ExtensibilityGlobals) = postSolution
		SolutionGuid = {F1438CE2-39AC-452E-B98D-0DBDCC0DB783}
	EndGlobalSection
EndGlobal
